github.com/mesh-intelligence/cobbler-scaffold v0.20260227.2 h1:zkFVWb5AYcwgbPUft/My+zLxCfJqiJZKLjAUkhQtoJw=
github.com/mesh-intelligence/cobbler-scaffold v0.20260227.2/go.mod h1:Gckwhzbo48sx2lNxv46vZCHIZRm+8GMffFJrvK0ZMqM=
github.com/mesh-intelligence/cobbler-scaffold v0.20260227.3 h1:9y+zGcWoQibt+oIOnf1SaxYmKfmvCiUq7llG112NLMo=
github.com/mesh-intelligence/cobbler-scaffold v0.20260227.3/go.mod h1:Gckwhzbo48sx2lNxv46vZCHIZRm+8GMffFJrvK0ZMqM=
